
Microsoft Visual Studio Solution File, Format Version 12.00
# Visual Studio 15
Project("{FAE04EC0-301F-11D3-BF4B-00C04F79EFBC}") = "Assembly-CSharp", "Assembly-CSharp.csproj", "{88E4D7DD-9BFE-80E9-2113-77F655B3C1AB}"
EndProject
Project("{FAE04EC0-301F-11D3-BF4B-00C04F79EFBC}") = "spine-unity", "spine-unity.csproj", "{B4E994F2-C33A-89AA-7550-A758C3269944}"
EndProject
Project("{FAE04EC0-301F-11D3-BF4B-00C04F79EFBC}") = "UnityUIExtensions", "UnityUIExtensions.csproj", "{E996BB13-C06F-E255-9EAB-37F2E7A0F6D4}"
EndProject
Project("{FAE04EC0-301F-11D3-BF4B-00C04F79EFBC}") = "UnityUIExtensions.editor", "UnityUIExtensions.editor.csproj", "{964FAA47-E438-5428-978D-F2FA4D237CFB}"
EndProject
Project("{FAE04EC0-301F-11D3-BF4B-00C04F79EFBC}") = "StompyRobot.SRDebugger", "StompyRobot.SRDebugger.csproj", "{D01AF7C3-F339-4BBD-AD03-C139A175482B}"
EndProject
Project("{FAE04EC0-301F-11D3-BF4B-00C04F79EFBC}") = "spine-unity-editor", "spine-unity-editor.csproj", "{3BC972BA-A127-0578-1506-E8B167DAEA91}"
EndProject
Project("{FAE04EC0-301F-11D3-BF4B-00C04F79EFBC}") = "StompyRobot.SRF", "StompyRobot.SRF.csproj", "{34592711-C732-276A-FFF2-C72C59F1999D}"
EndProject
Project("{FAE04EC0-301F-11D3-BF4B-00C04F79EFBC}") = "Assembly-CSharp-Editor", "Assembly-CSharp-Editor.csproj", "{5F6ADD86-9223-8E9A-7B63-5578F9F13A0F}"
EndProject
Project("{FAE04EC0-301F-11D3-BF4B-00C04F79EFBC}") = "StompyRobot.SRDebugger.Editor", "StompyRobot.SRDebugger.Editor.csproj", "{7A3863A5-FB78-E3FB-D0B6-38860D324A43}"
EndProject
Project("{FAE04EC0-301F-11D3-BF4B-00C04F79EFBC}") = "AppsFlyer", "AppsFlyer.csproj", "{ED483D0C-F302-99FE-C20A-5A92D0086BE5}"
EndProject
Project("{FAE04EC0-301F-11D3-BF4B-00C04F79EFBC}") = "ParticleImage.Editor", "ParticleImage.Editor.csproj", "{A1547498-A0AC-A4B8-7855-F3940F8D9456}"
EndProject
Project("{FAE04EC0-301F-11D3-BF4B-00C04F79EFBC}") = "Assembly-CSharp-firstpass", "Assembly-CSharp-firstpass.csproj", "{B917CAAC-ED25-D0E5-736D-AB67C2F3BF88}"
EndProject
Project("{FAE04EC0-301F-11D3-BF4B-00C04F79EFBC}") = "NavMeshComponentsEditor", "NavMeshComponentsEditor.csproj", "{FC6ABCA8-DD1F-282F-8DD7-B6CF5A322D0F}"
EndProject
Project("{FAE04EC0-301F-11D3-BF4B-00C04F79EFBC}") = "NavMeshComponents", "NavMeshComponents.csproj", "{D0062029-AA21-5C93-46CF-36EF082A60F7}"
EndProject
Project("{FAE04EC0-301F-11D3-BF4B-00C04F79EFBC}") = "StompyRobot.SRF.Editor", "StompyRobot.SRF.Editor.csproj", "{75CF6807-F332-FAAC-7044-180B85D95B6B}"
EndProject
Project("{FAE04EC0-301F-11D3-BF4B-00C04F79EFBC}") = "ParticleImage", "ParticleImage.csproj", "{C04BA98C-EBAD-1DE1-9DD0-37C967199194}"
EndProject
Project("{FAE04EC0-301F-11D3-BF4B-00C04F79EFBC}") = "AppsFlyer.Editor", "AppsFlyer.Editor.csproj", "{555D0920-28BE-C5EE-942A-1AC3151F4950}"
EndProject
Project("{FAE04EC0-301F-11D3-BF4B-00C04F79EFBC}") = "Coffee.UnmaskForUGUI.Editor", "Coffee.UnmaskForUGUI.Editor.csproj", "{147FEC9D-8736-5BC2-7C57-5EF915528840}"
EndProject
Project("{FAE04EC0-301F-11D3-BF4B-00C04F79EFBC}") = "Assembly-CSharp-Editor-firstpass", "Assembly-CSharp-Editor-firstpass.csproj", "{698AF448-0F8B-D797-059B-45E0601487F9}"
EndProject
Project("{FAE04EC0-301F-11D3-BF4B-00C04F79EFBC}") = "FirebaseMessagingActivityGenerator", "FirebaseMessagingActivityGenerator.csproj", "{D4055EF8-6FB5-657D-855D-62B7A9F378FD}"
EndProject
Project("{FAE04EC0-301F-11D3-BF4B-00C04F79EFBC}") = "Tests", "Tests.csproj", "{8FA1FF48-96F7-1AE2-C2C1-F4E3E4027DD3}"
EndProject
Project("{FAE04EC0-301F-11D3-BF4B-00C04F79EFBC}") = "Coffee.UnmaskForUGUI", "Coffee.UnmaskForUGUI.csproj", "{CACBDED8-0AD3-9E5F-15EC-19C446DB4E5E}"
EndProject
Global
	GlobalSection(SolutionConfigurationPlatforms) = preSolution
		Debug|Any CPU = Debug|Any CPU
		Release|Any CPU = Release|Any CPU
	EndGlobalSection
	GlobalSection(ProjectConfigurationPlatforms) = postSolution
		{88E4D7DD-9BFE-80E9-2113-77F655B3C1AB}.Debug|Any CPU.ActiveCfg = Debug|Any CPU
		{88E4D7DD-9BFE-80E9-2113-77F655B3C1AB}.Debug|Any CPU.Build.0 = Debug|Any CPU
		{88E4D7DD-9BFE-80E9-2113-77F655B3C1AB}.Release|Any CPU.ActiveCfg = Release|Any CPU
		{88E4D7DD-9BFE-80E9-2113-77F655B3C1AB}.Release|Any CPU.Build.0 = Release|Any CPU
		{B4E994F2-C33A-89AA-7550-A758C3269944}.Debug|Any CPU.ActiveCfg = Debug|Any CPU
		{B4E994F2-C33A-89AA-7550-A758C3269944}.Debug|Any CPU.Build.0 = Debug|Any CPU
		{B4E994F2-C33A-89AA-7550-A758C3269944}.Release|Any CPU.ActiveCfg = Release|Any CPU
		{B4E994F2-C33A-89AA-7550-A758C3269944}.Release|Any CPU.Build.0 = Release|Any CPU
		{E996BB13-C06F-E255-9EAB-37F2E7A0F6D4}.Debug|Any CPU.ActiveCfg = Debug|Any CPU
		{E996BB13-C06F-E255-9EAB-37F2E7A0F6D4}.Debug|Any CPU.Build.0 = Debug|Any CPU
		{E996BB13-C06F-E255-9EAB-37F2E7A0F6D4}.Release|Any CPU.ActiveCfg = Release|Any CPU
		{E996BB13-C06F-E255-9EAB-37F2E7A0F6D4}.Release|Any CPU.Build.0 = Release|Any CPU
		{964FAA47-E438-5428-978D-F2FA4D237CFB}.Debug|Any CPU.ActiveCfg = Debug|Any CPU
		{964FAA47-E438-5428-978D-F2FA4D237CFB}.Debug|Any CPU.Build.0 = Debug|Any CPU
		{964FAA47-E438-5428-978D-F2FA4D237CFB}.Release|Any CPU.ActiveCfg = Release|Any CPU
		{964FAA47-E438-5428-978D-F2FA4D237CFB}.Release|Any CPU.Build.0 = Release|Any CPU
		{D01AF7C3-F339-4BBD-AD03-C139A175482B}.Debug|Any CPU.ActiveCfg = Debug|Any CPU
		{D01AF7C3-F339-4BBD-AD03-C139A175482B}.Debug|Any CPU.Build.0 = Debug|Any CPU
		{D01AF7C3-F339-4BBD-AD03-C139A175482B}.Release|Any CPU.ActiveCfg = Release|Any CPU
		{D01AF7C3-F339-4BBD-AD03-C139A175482B}.Release|Any CPU.Build.0 = Release|Any CPU
		{3BC972BA-A127-0578-1506-E8B167DAEA91}.Debug|Any CPU.ActiveCfg = Debug|Any CPU
		{3BC972BA-A127-0578-1506-E8B167DAEA91}.Debug|Any CPU.Build.0 = Debug|Any CPU
		{3BC972BA-A127-0578-1506-E8B167DAEA91}.Release|Any CPU.ActiveCfg = Release|Any CPU
		{3BC972BA-A127-0578-1506-E8B167DAEA91}.Release|Any CPU.Build.0 = Release|Any CPU
		{34592711-C732-276A-FFF2-C72C59F1999D}.Debug|Any CPU.ActiveCfg = Debug|Any CPU
		{34592711-C732-276A-FFF2-C72C59F1999D}.Debug|Any CPU.Build.0 = Debug|Any CPU
		{34592711-C732-276A-FFF2-C72C59F1999D}.Release|Any CPU.ActiveCfg = Release|Any CPU
		{34592711-C732-276A-FFF2-C72C59F1999D}.Release|Any CPU.Build.0 = Release|Any CPU
		{5F6ADD86-9223-8E9A-7B63-5578F9F13A0F}.Debug|Any CPU.ActiveCfg = Debug|Any CPU
		{5F6ADD86-9223-8E9A-7B63-5578F9F13A0F}.Debug|Any CPU.Build.0 = Debug|Any CPU
		{5F6ADD86-9223-8E9A-7B63-5578F9F13A0F}.Release|Any CPU.ActiveCfg = Release|Any CPU
		{5F6ADD86-9223-8E9A-7B63-5578F9F13A0F}.Release|Any CPU.Build.0 = Release|Any CPU
		{7A3863A5-FB78-E3FB-D0B6-38860D324A43}.Debug|Any CPU.ActiveCfg = Debug|Any CPU
		{7A3863A5-FB78-E3FB-D0B6-38860D324A43}.Debug|Any CPU.Build.0 = Debug|Any CPU
		{7A3863A5-FB78-E3FB-D0B6-38860D324A43}.Release|Any CPU.ActiveCfg = Release|Any CPU
		{7A3863A5-FB78-E3FB-D0B6-38860D324A43}.Release|Any CPU.Build.0 = Release|Any CPU
		{ED483D0C-F302-99FE-C20A-5A92D0086BE5}.Debug|Any CPU.ActiveCfg = Debug|Any CPU
		{ED483D0C-F302-99FE-C20A-5A92D0086BE5}.Debug|Any CPU.Build.0 = Debug|Any CPU
		{ED483D0C-F302-99FE-C20A-5A92D0086BE5}.Release|Any CPU.ActiveCfg = Release|Any CPU
		{ED483D0C-F302-99FE-C20A-5A92D0086BE5}.Release|Any CPU.Build.0 = Release|Any CPU
		{A1547498-A0AC-A4B8-7855-F3940F8D9456}.Debug|Any CPU.ActiveCfg = Debug|Any CPU
		{A1547498-A0AC-A4B8-7855-F3940F8D9456}.Debug|Any CPU.Build.0 = Debug|Any CPU
		{A1547498-A0AC-A4B8-7855-F3940F8D9456}.Release|Any CPU.ActiveCfg = Release|Any CPU
		{A1547498-A0AC-A4B8-7855-F3940F8D9456}.Release|Any CPU.Build.0 = Release|Any CPU
		{B917CAAC-ED25-D0E5-736D-AB67C2F3BF88}.Debug|Any CPU.ActiveCfg = Debug|Any CPU
		{B917CAAC-ED25-D0E5-736D-AB67C2F3BF88}.Debug|Any CPU.Build.0 = Debug|Any CPU
		{B917CAAC-ED25-D0E5-736D-AB67C2F3BF88}.Release|Any CPU.ActiveCfg = Release|Any CPU
		{B917CAAC-ED25-D0E5-736D-AB67C2F3BF88}.Release|Any CPU.Build.0 = Release|Any CPU
		{FC6ABCA8-DD1F-282F-8DD7-B6CF5A322D0F}.Debug|Any CPU.ActiveCfg = Debug|Any CPU
		{FC6ABCA8-DD1F-282F-8DD7-B6CF5A322D0F}.Debug|Any CPU.Build.0 = Debug|Any CPU
		{FC6ABCA8-DD1F-282F-8DD7-B6CF5A322D0F}.Release|Any CPU.ActiveCfg = Release|Any CPU
		{FC6ABCA8-DD1F-282F-8DD7-B6CF5A322D0F}.Release|Any CPU.Build.0 = Release|Any CPU
		{D0062029-AA21-5C93-46CF-36EF082A60F7}.Debug|Any CPU.ActiveCfg = Debug|Any CPU
		{D0062029-AA21-5C93-46CF-36EF082A60F7}.Debug|Any CPU.Build.0 = Debug|Any CPU
		{D0062029-AA21-5C93-46CF-36EF082A60F7}.Release|Any CPU.ActiveCfg = Release|Any CPU
		{D0062029-AA21-5C93-46CF-36EF082A60F7}.Release|Any CPU.Build.0 = Release|Any CPU
		{75CF6807-F332-FAAC-7044-180B85D95B6B}.Debug|Any CPU.ActiveCfg = Debug|Any CPU
		{75CF6807-F332-FAAC-7044-180B85D95B6B}.Debug|Any CPU.Build.0 = Debug|Any CPU
		{75CF6807-F332-FAAC-7044-180B85D95B6B}.Release|Any CPU.ActiveCfg = Release|Any CPU
		{75CF6807-F332-FAAC-7044-180B85D95B6B}.Release|Any CPU.Build.0 = Release|Any CPU
		{C04BA98C-EBAD-1DE1-9DD0-37C967199194}.Debug|Any CPU.ActiveCfg = Debug|Any CPU
		{C04BA98C-EBAD-1DE1-9DD0-37C967199194}.Debug|Any CPU.Build.0 = Debug|Any CPU
		{C04BA98C-EBAD-1DE1-9DD0-37C967199194}.Release|Any CPU.ActiveCfg = Release|Any CPU
		{C04BA98C-EBAD-1DE1-9DD0-37C967199194}.Release|Any CPU.Build.0 = Release|Any CPU
		{555D0920-28BE-C5EE-942A-1AC3151F4950}.Debug|Any CPU.ActiveCfg = Debug|Any CPU
		{555D0920-28BE-C5EE-942A-1AC3151F4950}.Debug|Any CPU.Build.0 = Debug|Any CPU
		{555D0920-28BE-C5EE-942A-1AC3151F4950}.Release|Any CPU.ActiveCfg = Release|Any CPU
		{555D0920-28BE-C5EE-942A-1AC3151F4950}.Release|Any CPU.Build.0 = Release|Any CPU
		{147FEC9D-8736-5BC2-7C57-5EF915528840}.Debug|Any CPU.ActiveCfg = Debug|Any CPU
		{147FEC9D-8736-5BC2-7C57-5EF915528840}.Debug|Any CPU.Build.0 = Debug|Any CPU
		{147FEC9D-8736-5BC2-7C57-5EF915528840}.Release|Any CPU.ActiveCfg = Release|Any CPU
		{147FEC9D-8736-5BC2-7C57-5EF915528840}.Release|Any CPU.Build.0 = Release|Any CPU
		{698AF448-0F8B-D797-059B-45E0601487F9}.Debug|Any CPU.ActiveCfg = Debug|Any CPU
		{698AF448-0F8B-D797-059B-45E0601487F9}.Debug|Any CPU.Build.0 = Debug|Any CPU
		{698AF448-0F8B-D797-059B-45E0601487F9}.Release|Any CPU.ActiveCfg = Release|Any CPU
		{698AF448-0F8B-D797-059B-45E0601487F9}.Release|Any CPU.Build.0 = Release|Any CPU
		{D4055EF8-6FB5-657D-855D-62B7A9F378FD}.Debug|Any CPU.ActiveCfg = Debug|Any CPU
		{D4055EF8-6FB5-657D-855D-62B7A9F378FD}.Debug|Any CPU.Build.0 = Debug|Any CPU
		{D4055EF8-6FB5-657D-855D-62B7A9F378FD}.Release|Any CPU.ActiveCfg = Release|Any CPU
		{D4055EF8-6FB5-657D-855D-62B7A9F378FD}.Release|Any CPU.Build.0 = Release|Any CPU
		{8FA1FF48-96F7-1AE2-C2C1-F4E3E4027DD3}.Debug|Any CPU.ActiveCfg = Debug|Any CPU
		{8FA1FF48-96F7-1AE2-C2C1-F4E3E4027DD3}.Debug|Any CPU.Build.0 = Debug|Any CPU
		{8FA1FF48-96F7-1AE2-C2C1-F4E3E4027DD3}.Release|Any CPU.ActiveCfg = Release|Any CPU
		{8FA1FF48-96F7-1AE2-C2C1-F4E3E4027DD3}.Release|Any CPU.Build.0 = Release|Any CPU
		{CACBDED8-0AD3-9E5F-15EC-19C446DB4E5E}.Debug|Any CPU.ActiveCfg = Debug|Any CPU
		{CACBDED8-0AD3-9E5F-15EC-19C446DB4E5E}.Debug|Any CPU.Build.0 = Debug|Any CPU
		{CACBDED8-0AD3-9E5F-15EC-19C446DB4E5E}.Release|Any CPU.ActiveCfg = Release|Any CPU
		{CACBDED8-0AD3-9E5F-15EC-19C446DB4E5E}.Release|Any CPU.Build.0 = Release|Any CPU
	EndGlobalSection
	GlobalSection(SolutionProperties) = preSolution
		HideSolutionNode = FALSE
	EndGlobalSection
EndGlobal
